
Microsoft Visual Studio Solution File, Format Version 12.00
# Visual Studio 15
Project("{FAE04EC0-301F-11D3-BF4B-00C04F79EFBC}") = "Assembly-CSharp", "Assembly-CSharp.csproj", "{7FB346EB-8A65-8447-E963-6C0210A89EE9}"
EndProject
Project("{FAE04EC0-301F-11D3-BF4B-00C04F79EFBC}") = "Assembly-CSharp-Editor", "Assembly-CSharp-Editor.csproj", "{4DBED765-0D47-0EBE-AA6E-5E0D1A5A5175}"
EndProject
Global
	GlobalSection(SolutionConfigurationPlatforms) = preSolution
		Debug|Any CPU = Debug|Any CPU
		Release|Any CPU = Release|Any CPU
	EndGlobalSection
	GlobalSection(ProjectConfigurationPlatforms) = postSolution
		{7FB346EB-8A65-8447-E963-6C0210A89EE9}.Debug|Any CPU.ActiveCfg = Debug|Any CPU
		{7FB346EB-8A65-8447-E963-6C0210A89EE9}.Debug|Any CPU.Build.0 = Debug|Any CPU
		{7FB346EB-8A65-8447-E963-6C0210A89EE9}.Release|Any CPU.ActiveCfg = Release|Any CPU
		{7FB346EB-8A65-8447-E963-6C0210A89EE9}.Release|Any CPU.Build.0 = Release|Any CPU
		{4DBED765-0D47-0EBE-AA6E-5E0D1A5A5175}.Debug|Any CPU.ActiveCfg = Debug|Any CPU
		{4DBED765-0D47-0EBE-AA6E-5E0D1A5A5175}.Debug|Any CPU.Build.0 = Debug|Any CPU
		{4DBED765-0D47-0EBE-AA6E-5E0D1A5A5175}.Release|Any CPU.ActiveCfg = Release|Any CPU
		{4DBED765-0D47-0EBE-AA6E-5E0D1A5A5175}.Release|Any CPU.Build.0 = Release|Any CPU
	EndGlobalSection
	GlobalSection(SolutionProperties) = preSolution
		HideSolutionNode = FALSE
	EndGlobalSection
EndGlobal
